
Microsoft Visual Studio Solution File, Format Version 12.00
# Visual Studio 14
VisualStudioVersion = 14.0.24720.0
MinimumVisualStudioVersion = 10.0.40219.1
Project("{FAE04EC0-301F-11D3-BF4B-00C04F79EFBC}") = "Ubiquitous Now Playing", "UbiquitousNowPlaying\Ubiquitous Now Playing.csproj", "{23D917CC-86F2-415C-98E6-1C2AB78E3284}"
	ProjectSection(ProjectDependencies) = postProject
		{D60E9167-DE5C-4BD9-9541-FA13EB50DC68} = {D60E9167-DE5C-4BD9-9541-FA13EB50DC68}
	EndProjectSection
EndProject
Project("{FAE04EC0-301F-11D3-BF4B-00C04F79EFBC}") = "Native Messaging Interface", "NativeMessagingInterface\Native Messaging Interface.csproj", "{D60E9167-DE5C-4BD9-9541-FA13EB50DC68}"
EndProject
Project("{2150E333-8FDC-42A3-9474-1A3956D46DE8}") = "Extension", "Extension", "{69DC8CB4-9DC2-41C0-B1F7-158A054EF5A6}"
	ProjectSection(SolutionItems) = preProject
		Chrome Extension\background.js = Chrome Extension\background.js
		Chrome Extension\icon.png = Chrome Extension\icon.png
		Chrome Extension\jquery.js = Chrome Extension\jquery.js
		Chrome Extension\manifest.json = Chrome Extension\manifest.json
		Chrome Extension\popup.html = Chrome Extension\popup.html
		Chrome Extension\popup.js = Chrome Extension\popup.js
		Chrome Extension\worker.js = Chrome Extension\worker.js
	EndProjectSection
EndProject
Global
	GlobalSection(SolutionConfigurationPlatforms) = preSolution
		Build Package|Any CPU = Build Package|Any CPU
		Debug|Any CPU = Debug|Any CPU
		Release|Any CPU = Release|Any CPU
	EndGlobalSection
	GlobalSection(ProjectConfigurationPlatforms) = postSolution
		{23D917CC-86F2-415C-98E6-1C2AB78E3284}.Build Package|Any CPU.ActiveCfg = Release|Any CPU
		{23D917CC-86F2-415C-98E6-1C2AB78E3284}.Build Package|Any CPU.Build.0 = Release|Any CPU
		{23D917CC-86F2-415C-98E6-1C2AB78E3284}.Debug|Any CPU.ActiveCfg = Debug|Any CPU
		{23D917CC-86F2-415C-98E6-1C2AB78E3284}.Debug|Any CPU.Build.0 = Debug|Any CPU
		{23D917CC-86F2-415C-98E6-1C2AB78E3284}.Release|Any CPU.ActiveCfg = Release|Any CPU
		{23D917CC-86F2-415C-98E6-1C2AB78E3284}.Release|Any CPU.Build.0 = Release|Any CPU
		{23D917CC-86F2-415C-98E6-1C2AB78E3284}.Release|Any CPU.Deploy.0 = Release|Any CPU
		{D60E9167-DE5C-4BD9-9541-FA13EB50DC68}.Build Package|Any CPU.ActiveCfg = Release|Any CPU
		{D60E9167-DE5C-4BD9-9541-FA13EB50DC68}.Build Package|Any CPU.Build.0 = Release|Any CPU
		{D60E9167-DE5C-4BD9-9541-FA13EB50DC68}.Debug|Any CPU.ActiveCfg = Debug|Any CPU
		{D60E9167-DE5C-4BD9-9541-FA13EB50DC68}.Debug|Any CPU.Build.0 = Debug|Any CPU
		{D60E9167-DE5C-4BD9-9541-FA13EB50DC68}.Release|Any CPU.ActiveCfg = Release|Any CPU
		{D60E9167-DE5C-4BD9-9541-FA13EB50DC68}.Release|Any CPU.Build.0 = Release|Any CPU
	EndGlobalSection
	GlobalSection(SolutionProperties) = preSolution
		HideSolutionNode = FALSE
	EndGlobalSection
EndGlobal
